
Microsoft Visual Studio Solution File, Format Version 12.00
# Visual Studio 2013
VisualStudioVersion = 12.0.31101.0
MinimumVisualStudioVersion = 10.0.40219.1
Project("{FAE04EC0-301F-11D3-BF4B-00C04F79EFBC}") = "nmct.ssa.cashlesspayment", "nmct.ssa.cashlesspayment\nmct.ssa.cashlesspayment.csproj", "{D8444E3F-3441-4C7E-A842-B71E240DCE34}"
EndProject
Project("{FAE04EC0-301F-11D3-BF4B-00C04F79EFBC}") = "nmct.ba.cashlessproject.model", "nmct.ba.cashlessproject.model\nmct.ba.cashlessproject.model.csproj", "{BF36B47C-70FC-440A-B52B-F556C01A522A}"
EndProject
Global
	GlobalSection(SolutionConfigurationPlatforms) = preSolution
		Debug|Any CPU = Debug|Any CPU
		Debug|x64 = Debug|x64
		Debug|x86 = Debug|x86
		Release|Any CPU = Release|Any CPU
		Release|x64 = Release|x64
		Release|x86 = Release|x86
	EndGlobalSection
	GlobalSection(ProjectConfigurationPlatforms) = postSolution
		{D8444E3F-3441-4C7E-A842-B71E240DCE34}.Debug|Any CPU.ActiveCfg = Debug|Any CPU
		{D8444E3F-3441-4C7E-A842-B71E240DCE34}.Debug|Any CPU.Build.0 = Debug|Any CPU
		{D8444E3F-3441-4C7E-A842-B71E240DCE34}.Debug|x64.ActiveCfg = Debug|Any CPU
		{D8444E3F-3441-4C7E-A842-B71E240DCE34}.Debug|x86.ActiveCfg = Debug|Any CPU
		{D8444E3F-3441-4C7E-A842-B71E240DCE34}.Release|Any CPU.ActiveCfg = Release|Any CPU
		{D8444E3F-3441-4C7E-A842-B71E240DCE34}.Release|Any CPU.Build.0 = Release|Any CPU
		{D8444E3F-3441-4C7E-A842-B71E240DCE34}.Release|x64.ActiveCfg = Release|Any CPU
		{D8444E3F-3441-4C7E-A842-B71E240DCE34}.Release|x86.ActiveCfg = Release|Any CPU
		{BF36B47C-70FC-440A-B52B-F556C01A522A}.Debug|Any CPU.ActiveCfg = Debug|Any CPU
		{BF36B47C-70FC-440A-B52B-F556C01A522A}.Debug|Any CPU.Build.0 = Debug|Any CPU
		{BF36B47C-70FC-440A-B52B-F556C01A522A}.Debug|x64.ActiveCfg = Debug|Any CPU
		{BF36B47C-70FC-440A-B52B-F556C01A522A}.Debug|x86.ActiveCfg = Debug|Any CPU
		{BF36B47C-70FC-440A-B52B-F556C01A522A}.Release|Any CPU.ActiveCfg = Release|Any CPU
		{BF36B47C-70FC-440A-B52B-F556C01A522A}.Release|Any CPU.Build.0 = Release|Any CPU
		{BF36B47C-70FC-440A-B52B-F556C01A522A}.Release|x64.ActiveCfg = Release|Any CPU
		{BF36B47C-70FC-440A-B52B-F556C01A522A}.Release|x86.ActiveCfg = Release|Any CPU
	EndGlobalSection
	GlobalSection(SolutionProperties) = preSolution
		HideSolutionNode = FALSE
	EndGlobalSection
EndGlobal
